
Microsoft Visual Studio Solution File, Format Version 12.00
# Visual Studio Version 17
VisualStudioVersion = 17.11.35303.130
MinimumVisualStudioVersion = 10.0.40219.1
Project("{FAE04EC0-301F-11D3-BF4B-00C04F79EFBC}") = "JWT_Auth", "JWT_Auth\JWT_Auth.csproj", "{853326B8-A340-42EC-9A48-6D812F2664AF}"
EndProject
Global
	GlobalSection(SolutionConfigurationPlatforms) = preSolution
		Debug|Any CPU = Debug|Any CPU
		Release|Any CPU = Release|Any CPU
	EndGlobalSection
	GlobalSection(ProjectConfigurationPlatforms) = postSolution
		{853326B8-A340-42EC-9A48-6D812F2664AF}.Debug|Any CPU.ActiveCfg = Debug|Any CPU
		{853326B8-A340-42EC-9A48-6D812F2664AF}.Debug|Any CPU.Build.0 = Debug|Any CPU
		{853326B8-A340-42EC-9A48-6D812F2664AF}.Release|Any CPU.ActiveCfg = Release|Any CPU
		{853326B8-A340-42EC-9A48-6D812F2664AF}.Release|Any CPU.Build.0 = Release|Any CPU
	EndGlobalSection
	GlobalSection(SolutionProperties) = preSolution
		HideSolutionNode = FALSE
	EndGlobalSection
	GlobalSection(ExtensibilityGlobals) = postSolution
		SolutionGuid = {3E1D5882-B65D-407C-B96E-670AEA19E292}
	EndGlobalSection
EndGlobal
